
Microsoft Visual Studio Solution File, Format Version 12.00
Project("{2150E333-8FDC-42A3-9474-1A3956D46DE8}") = "src", "src", "{09D74081-5841-4596-95EE-270C32AA44BB}"
EndProject
Project("{2150E333-8FDC-42A3-9474-1A3956D46DE8}") = "tests", "tests", "{8EA8F035-4CE5-4A12-9609-142770216B01}"
EndProject
Project("{2150E333-8FDC-42A3-9474-1A3956D46DE8}") = "templates", "templates", "{B3578FC7-5223-427F-B0D5-617CC6BA10FC}"
EndProject
Project("{2150E333-8FDC-42A3-9474-1A3956D46DE8}") = "SolutionFolder", "SolutionFolder", "{790688BE-B9A0-4292-883F-30FF5826FF62}"
	ProjectSection(SolutionItems) = preProject
		Directory.Build.targets = Directory.Build.targets
	EndProjectSection
EndProject
Project("{FAE04EC0-301F-11D3-BF4B-00C04F79EFBC}") = "MinimalApi", "src\templates\MinimalApi\MinimalApi.csproj", "{4226AC94-779E-418A-A95D-2D332C3348BD}"
EndProject
Global
	GlobalSection(SolutionConfigurationPlatforms) = preSolution
		Debug|Any CPU = Debug|Any CPU
		Release|Any CPU = Release|Any CPU
	EndGlobalSection
	GlobalSection(NestedProjects) = preSolution
		{B3578FC7-5223-427F-B0D5-617CC6BA10FC} = {09D74081-5841-4596-95EE-270C32AA44BB}
		{4226AC94-779E-418A-A95D-2D332C3348BD} = {B3578FC7-5223-427F-B0D5-617CC6BA10FC}
	EndGlobalSection
	GlobalSection(ProjectConfigurationPlatforms) = postSolution
		{4226AC94-779E-418A-A95D-2D332C3348BD}.Debug|Any CPU.ActiveCfg = Debug|Any CPU
		{4226AC94-779E-418A-A95D-2D332C3348BD}.Debug|Any CPU.Build.0 = Debug|Any CPU
		{4226AC94-779E-418A-A95D-2D332C3348BD}.Release|Any CPU.ActiveCfg = Release|Any CPU
		{4226AC94-779E-418A-A95D-2D332C3348BD}.Release|Any CPU.Build.0 = Release|Any CPU
	EndGlobalSection
EndGlobal
